// !$*UTF8*$!
{
	archiveVersion = 1;
	classes = {
	};
	objectVersion = 50;
	objects = {

/* Begin PBXBuildFile section */
		7543CDE022AFF01700575798 /* HomeViewController.swift in Sources */ = {isa = PBXBuildFile; fileRef = 7543CDDF22AFF01700575798 /* HomeViewController.swift */; };
		7543CDE222AFF02600575798 /* FavoriteViewController.swift in Sources */ = {isa = PBXBuildFile; fileRef = 7543CDE122AFF02600575798 /* FavoriteViewController.swift */; };
		7543CDE822AFF64F00575798 /* Constants.swift in Sources */ = {isa = PBXBuildFile; fileRef = 7543CDE722AFF64F00575798 /* Constants.swift */; };
		7543CDEE22AFFC6100575798 /* NewsTableViewCell.swift in Sources */ = {isa = PBXBuildFile; fileRef = 7543CDED22AFFC6100575798 /* NewsTableViewCell.swift */; };
		7543CDF022AFFE9300575798 /* FavoriteTableViewCell.swift in Sources */ = {isa = PBXBuildFile; fileRef = 7543CDEF22AFFE9300575798 /* FavoriteTableViewCell.swift */; };
		756FFDF722B036300070ADC2 /* DetailNewsViewController.swift in Sources */ = {isa = PBXBuildFile; fileRef = 756FFDF622B036300070ADC2 /* DetailNewsViewController.swift */; };
		756FFDF922B03D310070ADC2 /* News.swift in Sources */ = {isa = PBXBuildFile; fileRef = 756FFDF822B03D310070ADC2 /* News.swift */; };
		756FFDFB22B040090070ADC2 /* ResultNews.swift in Sources */ = {isa = PBXBuildFile; fileRef = 756FFDFA22B040090070ADC2 /* ResultNews.swift */; };
		756FFDFE22B059BC0070ADC2 /* SearchViewController.swift in Sources */ = {isa = PBXBuildFile; fileRef = 756FFDFD22B059BC0070ADC2 /* SearchViewController.swift */; };
		75C84E5422B146F700DDF859 /* Search.swift in Sources */ = {isa = PBXBuildFile; fileRef = 75C84E5322B146F700DDF859 /* Search.swift */; };
		75C84E5622B1478000DDF859 /* NewsResponse.swift in Sources */ = {isa = PBXBuildFile; fileRef = 75C84E5522B1478000DDF859 /* NewsResponse.swift */; };
		75C84E5822B147AF00DDF859 /* NewsDocs.swift in Sources */ = {isa = PBXBuildFile; fileRef = 75C84E5722B147AF00DDF859 /* NewsDocs.swift */; };
		75C84E5F22B1571800DDF859 /* NewYorkTimeNews.xcdatamodeld in Sources */ = {isa = PBXBuildFile; fileRef = 75C84E5D22B1571800DDF859 /* NewYorkTimeNews.xcdatamodeld */; };
		75E9F6C122AF727E009B4677 /* AppDelegate.swift in Sources */ = {isa = PBXBuildFile; fileRef = 75E9F6C022AF727E009B4677 /* AppDelegate.swift */; };
		75E9F6C822AF727E009B4677 /* Main.storyboard in Resources */ = {isa = PBXBuildFile; fileRef = 75E9F6C622AF727E009B4677 /* Main.storyboard */; };
		75E9F6CA22AF727F009B4677 /* Assets.xcassets in Resources */ = {isa = PBXBuildFile; fileRef = 75E9F6C922AF727F009B4677 /* Assets.xcassets */; };
		75E9F6CD22AF727F009B4677 /* LaunchScreen.storyboard in Resources */ = {isa = PBXBuildFile; fileRef = 75E9F6CB22AF727F009B4677 /* LaunchScreen.storyboard */; };
		75E9F6D822AF727F009B4677 /* NewYorkTimeNewsTests.swift in Sources */ = {isa = PBXBuildFile; fileRef = 75E9F6D722AF727F009B4677 /* NewYorkTimeNewsTests.swift */; };
		75E9F6E322AF727F009B4677 /* NewYorkTimeNewsUITests.swift in Sources */ = {isa = PBXBuildFile; fileRef = 75E9F6E222AF727F009B4677 /* NewYorkTimeNewsUITests.swift */; };
/* End PBXBuildFile section */

/* Begin PBXContainerItemProxy section */
		75E9F6D422AF727F009B4677 /* PBXContainerItemProxy */ = {
			isa = PBXContainerItemProxy;
			containerPortal = 75E9F6B522AF727E009B4677 /* Project object */;
			proxyType = 1;
			remoteGlobalIDString = 75E9F6BC22AF727E009B4677;
			remoteInfo = NewYorkTimeNews;
		};
		75E9F6DF22AF727F009B4677 /* PBXContainerItemProxy */ = {
			isa = PBXContainerItemProxy;
			containerPortal = 75E9F6B522AF727E009B4677 /* Project object */;
			proxyType = 1;
			remoteGlobalIDString = 75E9F6BC22AF727E009B4677;
			remoteInfo = NewYorkTimeNews;
		};
/* End PBXContainerItemProxy section */

/* Begin PBXFileReference section */
		7543CDDF22AFF01700575798 /* HomeViewController.swift */ = {isa = PBXFileReference; lastKnownFileType = sourcecode.swift; path = HomeViewController.swift; sourceTree = "<group>"; };
		7543CDE122AFF02600575798 /* FavoriteViewController.swift */ = {isa = PBXFileReference; lastKnownFileType = sourcecode.swift; path = FavoriteViewController.swift; sourceTree = "<group>"; };
		7543CDE722AFF64F00575798 /* Constants.swift */ = {isa = PBXFileReference; lastKnownFileType = sourcecode.swift; path = Constants.swift; sourceTree = "<group>"; };
		7543CDED22AFFC6100575798 /* NewsTableViewCell.swift */ = {isa = PBXFileReference; lastKnownFileType = sourcecode.swift; path = NewsTableViewCell.swift; sourceTree = "<group>"; };
		7543CDEF22AFFE9300575798 /* FavoriteTableViewCell.swift */ = {isa = PBXFileReference; lastKnownFileType = sourcecode.swift; path = FavoriteTableViewCell.swift; sourceTree = "<group>"; };
		756FFDF622B036300070ADC2 /* DetailNewsViewController.swift */ = {isa = PBXFileReference; lastKnownFileType = sourcecode.swift; path = DetailNewsViewController.swift; sourceTree = "<group>"; };
		756FFDF822B03D310070ADC2 /* News.swift */ = {isa = PBXFileReference; lastKnownFileType = sourcecode.swift; path = News.swift; sourceTree = "<group>"; };
		756FFDFA22B040090070ADC2 /* ResultNews.swift */ = {isa = PBXFileReference; lastKnownFileType = sourcecode.swift; path = ResultNews.swift; sourceTree = "<group>"; };
		756FFDFD22B059BC0070ADC2 /* SearchViewController.swift */ = {isa = PBXFileReference; lastKnownFileType = sourcecode.swift; path = SearchViewController.swift; sourceTree = "<group>"; };
		75C84E5322B146F700DDF859 /* Search.swift */ = {isa = PBXFileReference; lastKnownFileType = sourcecode.swift; path = Search.swift; sourceTree = "<group>"; };
		75C84E5522B1478000DDF859 /* NewsResponse.swift */ = {isa = PBXFileReference; lastKnownFileType = sourcecode.swift; path = NewsResponse.swift; sourceTree = "<group>"; };
		75C84E5722B147AF00DDF859 /* NewsDocs.swift */ = {isa = PBXFileReference; lastKnownFileType = sourcecode.swift; path = NewsDocs.swift; sourceTree = "<group>"; };
		75C84E5E22B1571800DDF859 /* NewYorkTimeNews.xcdatamodel */ = {isa = PBXFileReference; lastKnownFileType = wrapper.xcdatamodel; path = NewYorkTimeNews.xcdatamodel; sourceTree = "<group>"; };
		75E9F6BD22AF727E009B4677 /* NewYorkTimeNews.app */ = {isa = PBXFileReference; explicitFileType = wrapper.application; includeInIndex = 0; path = NewYorkTimeNews.app; sourceTree = BUILT_PRODUCTS_DIR; };
		75E9F6C022AF727E009B4677 /* AppDelegate.swift */ = {isa = PBXFileReference; lastKnownFileType = sourcecode.swift; path = AppDelegate.swift; sourceTree = "<group>"; };
		75E9F6C722AF727E009B4677 /* Base */ = {isa = PBXFileReference; lastKnownFileType = file.storyboard; name = Base; path = Base.lproj/Main.storyboard; sourceTree = "<group>"; };
		75E9F6C922AF727F009B4677 /* Assets.xcassets */ = {isa = PBXFileReference; lastKnownFileType = folder.assetcatalog; path = Assets.xcassets; sourceTree = "<group>"; };
		75E9F6CC22AF727F009B4677 /* Base */ = {isa = PBXFileReference; lastKnownFileType = file.storyboard; name = Base; path = Base.lproj/LaunchScreen.storyboard; sourceTree = "<group>"; };
		75E9F6CE22AF727F009B4677 /* Info.plist */ = {isa = PBXFileReference; lastKnownFileType = text.plist.xml; path = Info.plist; sourceTree = "<group>"; };
		75E9F6D322AF727F009B4677 /* NewYorkTimeNewsTests.xctest */ = {isa = PBXFileReference; explicitFileType = wrapper.cfbundle; includeInIndex = 0; path = NewYorkTimeNewsTests.xctest; sourceTree = BUILT_PRODUCTS_DIR; };
		75E9F6D722AF727F009B4677 /* NewYorkTimeNewsTests.swift */ = {isa = PBXFileReference; lastKnownFileType = sourcecode.swift; path = NewYorkTimeNewsTests.swift; sourceTree = "<group>"; };
		75E9F6D922AF727F009B4677 /* Info.plist */ = {isa = PBXFileReference; lastKnownFileType = text.plist.xml; path = Info.plist; sourceTree = "<group>"; };
		75E9F6DE22AF727F009B4677 /* NewYorkTimeNewsUITests.xctest */ = {isa = PBXFileReference; explicitFileType = wrapper.cfbundle; includeInIndex = 0; path = NewYorkTimeNewsUITests.xctest; sourceTree = BUILT_PRODUCTS_DIR; };
		75E9F6E222AF727F009B4677 /* NewYorkTimeNewsUITests.swift */ = {isa = PBXFileReference; lastKnownFileType = sourcecode.swift; path = NewYorkTimeNewsUITests.swift; sourceTree = "<group>"; };
		75E9F6E422AF727F009B4677 /* Info.plist */ = {isa = PBXFileReference; lastKnownFileType = text.plist.xml; path = Info.plist; sourceTree = "<group>"; };
/* End PBXFileReference section */

/* Begin PBXFrameworksBuildPhase section */
		75E9F6BA22AF727E009B4677 /* Frameworks */ = {
			isa = PBXFrameworksBuildPhase;
			buildActionMask = 2147483647;
			files = (
			);
			runOnlyForDeploymentPostprocessing = 0;
		};
		75E9F6D022AF727F009B4677 /* Frameworks */ = {
			isa = PBXFrameworksBuildPhase;
			buildActionMask = 2147483647;
			files = (
			);
			runOnlyForDeploymentPostprocessing = 0;
		};
		75E9F6DB22AF727F009B4677 /* Frameworks */ = {
			isa = PBXFrameworksBuildPhase;
			buildActionMask = 2147483647;
			files = (
			);
			runOnlyForDeploymentPostprocessing = 0;
		};
/* End PBXFrameworksBuildPhase section */

/* Begin PBXGroup section */
		7543CDDD22AFEFF100575798 /* Home */ = {
			isa = PBXGroup;
			children = (
				7543CDDF22AFF01700575798 /* HomeViewController.swift */,
				7543CDED22AFFC6100575798 /* NewsTableViewCell.swift */,
			);
			path = Home;
			sourceTree = "<group>";
		};
		7543CDDE22AFEFF800575798 /* Favorite */ = {
			isa = PBXGroup;
			children = (
				7543CDE122AFF02600575798 /* FavoriteViewController.swift */,
				7543CDEF22AFFE9300575798 /* FavoriteTableViewCell.swift */,
			);
			path = Favorite;
			sourceTree = "<group>";
		};
		7543CDE322AFF07B00575798 /* Controller */ = {
			isa = PBXGroup;
			children = (
				756FFDFC22B059980070ADC2 /* Search */,
				756FFDF522B036110070ADC2 /* Detail */,
				7543CDDD22AFEFF100575798 /* Home */,
				7543CDDE22AFEFF800575798 /* Favorite */,
			);
			path = Controller;
			sourceTree = "<group>";
		};
		7543CDE422AFF09700575798 /* Services */ = {
			isa = PBXGroup;
			children = (
			);
			path = Services;
			sourceTree = "<group>";
		};
		7543CDE522AFF0AB00575798 /* Model */ = {
			isa = PBXGroup;
			children = (
				756FFDF822B03D310070ADC2 /* News.swift */,
				756FFDFA22B040090070ADC2 /* ResultNews.swift */,
				75C84E5322B146F700DDF859 /* Search.swift */,
				75C84E5522B1478000DDF859 /* NewsResponse.swift */,
				75C84E5722B147AF00DDF859 /* NewsDocs.swift */,
			);
			path = Model;
			sourceTree = "<group>";
		};
		7543CDE622AFF0CB00575798 /* SupportFiles */ = {
			isa = PBXGroup;
			children = (
				7543CDE722AFF64F00575798 /* Constants.swift */,
			);
			path = SupportFiles;
			sourceTree = "<group>";
		};
		756FFDF522B036110070ADC2 /* Detail */ = {
			isa = PBXGroup;
			children = (
				756FFDF622B036300070ADC2 /* DetailNewsViewController.swift */,
			);
			path = Detail;
			sourceTree = "<group>";
		};
		756FFDFC22B059980070ADC2 /* Search */ = {
			isa = PBXGroup;
			children = (
				756FFDFD22B059BC0070ADC2 /* SearchViewController.swift */,
			);
			path = Search;
			sourceTree = "<group>";
		};
		75E9F6B422AF727E009B4677 = {
			isa = PBXGroup;
			children = (
				75E9F6BF22AF727E009B4677 /* NewYorkTimeNews */,
				75E9F6D622AF727F009B4677 /* NewYorkTimeNewsTests */,
				75E9F6E122AF727F009B4677 /* NewYorkTimeNewsUITests */,
				75E9F6BE22AF727E009B4677 /* Products */,
			);
			sourceTree = "<group>";
		};
		75E9F6BE22AF727E009B4677 /* Products */ = {
			isa = PBXGroup;
			children = (
				75E9F6BD22AF727E009B4677 /* NewYorkTimeNews.app */,
				75E9F6D322AF727F009B4677 /* NewYorkTimeNewsTests.xctest */,
				75E9F6DE22AF727F009B4677 /* NewYorkTimeNewsUITests.xctest */,
			);
			name = Products;
			sourceTree = "<group>";
		};
		75E9F6BF22AF727E009B4677 /* NewYorkTimeNews */ = {
			isa = PBXGroup;
			children = (
				7543CDE622AFF0CB00575798 /* SupportFiles */,
				7543CDE522AFF0AB00575798 /* Model */,
				7543CDE422AFF09700575798 /* Services */,
				7543CDE322AFF07B00575798 /* Controller */,
				75E9F6C022AF727E009B4677 /* AppDelegate.swift */,
				75E9F6C622AF727E009B4677 /* Main.storyboard */,
				75E9F6C922AF727F009B4677 /* Assets.xcassets */,
				75E9F6CB22AF727F009B4677 /* LaunchScreen.storyboard */,
				75E9F6CE22AF727F009B4677 /* Info.plist */,
				75C84E5D22B1571800DDF859 /* NewYorkTimeNews.xcdatamodeld */,
			);
			path = NewYorkTimeNews;
			sourceTree = "<group>";
		};
		75E9F6D622AF727F009B4677 /* NewYorkTimeNewsTests */ = {
			isa = PBXGroup;
			children = (
				75E9F6D722AF727F009B4677 /* NewYorkTimeNewsTests.swift */,
				75E9F6D922AF727F009B4677 /* Info.plist */,
			);
			path = NewYorkTimeNewsTests;
			sourceTree = "<group>";
		};
		75E9F6E122AF727F009B4677 /* NewYorkTimeNewsUITests */ = {
			isa = PBXGroup;
			children = (
				75E9F6E222AF727F009B4677 /* NewYorkTimeNewsUITests.swift */,
				75E9F6E422AF727F009B4677 /* Info.plist */,
			);
			path = NewYorkTimeNewsUITests;
			sourceTree = "<group>";
		};
/* End PBXGroup section */

/* Begin PBXNativeTarget section */
		75E9F6BC22AF727E009B4677 /* NewYorkTimeNews */ = {
			isa = PBXNativeTarget;
			buildConfigurationList = 75E9F6E722AF727F009B4677 /* Build configuration list for PBXNativeTarget "NewYorkTimeNews" */;
			buildPhases = (
				75E9F6B922AF727E009B4677 /* Sources */,
				75E9F6BA22AF727E009B4677 /* Frameworks */,
				75E9F6BB22AF727E009B4677 /* Resources */,
			);
			buildRules = (
			);
			dependencies = (
			);
			name = NewYorkTimeNews;
			productName = NewYorkTimeNews;
			productReference = 75E9F6BD22AF727E009B4677 /* NewYorkTimeNews.app */;
			productType = "com.apple.product-type.application";
		};
		75E9F6D222AF727F009B4677 /* NewYorkTimeNewsTests */ = {
			isa = PBXNativeTarget;
			buildConfigurationList = 75E9F6EA22AF727F009B4677 /* Build configuration list for PBXNativeTarget "NewYorkTimeNewsTests" */;
			buildPhases = (
				75E9F6CF22AF727F009B4677 /* Sources */,
				75E9F6D022AF727F009B4677 /* Frameworks */,
				75E9F6D122AF727F009B4677 /* Resources */,
			);
			buildRules = (
			);
			dependencies = (
				75E9F6D522AF727F009B4677 /* PBXTargetDependency */,
			);
			name = NewYorkTimeNewsTests;
			productName = NewYorkTimeNewsTests;
			productReference = 75E9F6D322AF727F009B4677 /* NewYorkTimeNewsTests.xctest */;
			productType = "com.apple.product-type.bundle.unit-test";
		};
		75E9F6DD22AF727F009B4677 /* NewYorkTimeNewsUITests */ = {
			isa = PBXNativeTarget;
			buildConfigurationList = 75E9F6ED22AF727F009B4677 /* Build configuration list for PBXNativeTarget "NewYorkTimeNewsUITests" */;
			buildPhases = (
				75E9F6DA22AF727F009B4677 /* Sources */,
				75E9F6DB22AF727F009B4677 /* Frameworks */,
				75E9F6DC22AF727F009B4677 /* Resources */,
			);
			buildRules = (
			);
			dependencies = (
				75E9F6E022AF727F009B4677 /* PBXTargetDependency */,
			);
			name = NewYorkTimeNewsUITests;
			productName = NewYorkTimeNewsUITests;
			productReference = 75E9F6DE22AF727F009B4677 /* NewYorkTimeNewsUITests.xctest */;
			productType = "com.apple.product-type.bundle.ui-testing";
		};
/* End PBXNativeTarget section */

/* Begin PBXProject section */
		75E9F6B522AF727E009B4677 /* Project object */ = {
			isa = PBXProject;
			attributes = {
				LastSwiftUpdateCheck = 1020;
				LastUpgradeCheck = 1020;
				ORGANIZATIONNAME = "Firda Sahidi";
				TargetAttributes = {
					75E9F6BC22AF727E009B4677 = {
						CreatedOnToolsVersion = 10.2.1;
					};
					75E9F6D222AF727F009B4677 = {
						CreatedOnToolsVersion = 10.2.1;
						TestTargetID = 75E9F6BC22AF727E009B4677;
					};
					75E9F6DD22AF727F009B4677 = {
						CreatedOnToolsVersion = 10.2.1;
						TestTargetID = 75E9F6BC22AF727E009B4677;
					};
				};
			};
			buildConfigurationList = 75E9F6B822AF727E009B4677 /* Build configuration list for PBXProject "NewYorkTimeNews" */;
			compatibilityVersion = "Xcode 9.3";
			developmentRegion = en;
			hasScannedForEncodings = 0;
			knownRegions = (
				en,
				Base,
			);
			mainGroup = 75E9F6B422AF727E009B4677;
			productRefGroup = 75E9F6BE22AF727E009B4677 /* Products */;
			projectDirPath = "";
			projectRoot = "";
			targets = (
				75E9F6BC22AF727E009B4677 /* NewYorkTimeNews */,
				75E9F6D222AF727F009B4677 /* NewYorkTimeNewsTests */,
				75E9F6DD22AF727F009B4677 /* NewYorkTimeNewsUITests */,
			);
		};
/* End PBXProject section */

/* Begin PBXResourcesBuildPhase section */
		75E9F6BB22AF727E009B4677 /* Resources */ = {
			isa = PBXResourcesBuildPhase;
			buildActionMask = 2147483647;
			files = (
				75E9F6CD22AF727F009B4677 /* LaunchScreen.storyboard in Resources */,
				75E9F6CA22AF727F009B4677 /* Assets.xcassets in Resources */,
				75E9F6C822AF727E009B4677 /* Main.storyboard in Resources */,
			);
			runOnlyForDeploymentPostprocessing = 0;
		};
		75E9F6D122AF727F009B4677 /* Resources */ = {
			isa = PBXResourcesBuildPhase;
			buildActionMask = 2147483647;
			files = (
			);
			runOnlyForDeploymentPostprocessing = 0;
		};
		75E9F6DC22AF727F009B4677 /* Resources */ = {
			isa = PBXResourcesBuildPhase;
			buildActionMask = 2147483647;
			files = (
			);
			runOnlyForDeploymentPostprocessing = 0;
		};
/* End PBXResourcesBuildPhase section */

/* Begin PBXSourcesBuildPhase section */
		75E9F6B922AF727E009B4677 /* Sources */ = {
			isa = PBXSourcesBuildPhase;
			buildActionMask = 2147483647;
			files = (
				75C84E5422B146F700DDF859 /* Search.swift in Sources */,
				756FFDFE22B059BC0070ADC2 /* SearchViewController.swift in Sources */,
				756FFDF722B036300070ADC2 /* DetailNewsViewController.swift in Sources */,
				7543CDF022AFFE9300575798 /* FavoriteTableViewCell.swift in Sources */,
				7543CDEE22AFFC6100575798 /* NewsTableViewCell.swift in Sources */,
				75C84E5622B1478000DDF859 /* NewsResponse.swift in Sources */,
				75E9F6C122AF727E009B4677 /* AppDelegate.swift in Sources */,
				7543CDE222AFF02600575798 /* FavoriteViewController.swift in Sources */,
				7543CDE022AFF01700575798 /* HomeViewController.swift in Sources */,
				756FFDF922B03D310070ADC2 /* News.swift in Sources */,
				756FFDFB22B040090070ADC2 /* ResultNews.swift in Sources */,
				75C84E5822B147AF00DDF859 /* NewsDocs.swift in Sources */,
				7543CDE822AFF64F00575798 /* Constants.swift in Sources */,
				75C84E5F22B1571800DDF859 /* NewYorkTimeNews.xcdatamodeld in Sources */,
			);
			runOnlyForDeploymentPostprocessing = 0;
		};
		75E9F6CF22AF727F009B4677 /* Sources */ = {
			isa = PBXSourcesBuildPhase;
			buildActionMask = 2147483647;
			files = (
				75E9F6D822AF727F009B4677 /* NewYorkTimeNewsTests.swift in Sources */,
			);
			runOnlyForDeploymentPostprocessing = 0;
		};
		75E9F6DA22AF727F009B4677 /* Sources */ = {
			isa = PBXSourcesBuildPhase;
			buildActionMask = 2147483647;
			files = (
				75E9F6E322AF727F009B4677 /* NewYorkTimeNewsUITests.swift in Sources */,
			);
			runOnlyForDeploymentPostprocessing = 0;
		};
/* End PBXSourcesBuildPhase section */

/* Begin PBXTargetDependency section */
		75E9F6D522AF727F009B4677 /* PBXTargetDependency */ = {
			isa = PBXTargetDependency;
			target = 75E9F6BC22AF727E009B4677 /* NewYorkTimeNews */;
			targetProxy = 75E9F6D422AF727F009B4677 /* PBXContainerItemProxy */;
		};
		75E9F6E022AF727F009B4677 /* PBXTargetDependency */ = {
			isa = PBXTargetDependency;
			target = 75E9F6BC22AF727E009B4677 /* NewYorkTimeNews */;
			targetProxy = 75E9F6DF22AF727F009B4677 /* PBXContainerItemProxy */;
		};
/* End PBXTargetDependency section */

/* Begin PBXVariantGroup section */
		75E9F6C622AF727E009B4677 /* Main.storyboard */ = {
			isa = PBXVariantGroup;
			children = (
				75E9F6C722AF727E009B4677 /* Base */,
			);
			name = Main.storyboard;
			sourceTree = "<group>";
		};
		75E9F6CB22AF727F009B4677 /* LaunchScreen.storyboard */ = {
			isa = PBXVariantGroup;
			children = (
				75E9F6CC22AF727F009B4677 /* Base */,
			);
			name = LaunchScreen.storyboard;
			sourceTree = "<group>";
		};
/* End PBXVariantGroup section */

/* Begin XCBuildConfiguration section */
		75E9F6E522AF727F009B4677 /* Debug */ = {
			isa = XCBuildConfiguration;
			buildSettings = {
				ALWAYS_SEARCH_USER_PATHS = NO;
				CLANG_ANALYZER_NONNULL = YES;
				CLANG_ANALYZER_NUMBER_OBJECT_CONVERSION = YES_AGGRESSIVE;
				CLANG_CXX_LANGUAGE_STANDARD = "gnu++14";
				CLANG_CXX_LIBRARY = "libc++";
				CLANG_ENABLE_MODULES = YES;
				CLANG_ENABLE_OBJC_ARC = YES;
				CLANG_ENABLE_OBJC_WEAK = YES;
				CLANG_WARN_BLOCK_CAPTURE_AUTORELEASING = YES;
				CLANG_WARN_BOOL_CONVERSION = YES;
				CLANG_WARN_COMMA = YES;
				CLANG_WARN_CONSTANT_CONVERSION = YES;
				CLANG_WARN_DEPRECATED_OBJC_IMPLEMENTATIONS = YES;
				CLANG_WARN_DIRECT_OBJC_ISA_USAGE = YES_ERROR;
				CLANG_WARN_DOCUMENTATION_COMMENTS = YES;
				CLANG_WARN_EMPTY_BODY = YES;
				CLANG_WARN_ENUM_CONVERSION = YES;
				CLANG_WARN_INFINITE_RECURSION = YES;
				CLANG_WARN_INT_CONVERSION = YES;
				CLANG_WARN_NON_LITERAL_NULL_CONVERSION = YES;
				CLANG_WARN_OBJC_IMPLICIT_RETAIN_SELF = YES;
				CLANG_WARN_OBJC_LITERAL_CONVERSION = YES;
				CLANG_WARN_OBJC_ROOT_CLASS = YES_ERROR;
				CLANG_WARN_RANGE_LOOP_ANALYSIS = YES;
				CLANG_WARN_STRICT_PROTOTYPES = YES;
				CLANG_WARN_SUSPICIOUS_MOVE = YES;
				CLANG_WARN_UNGUARDED_AVAILABILITY = YES_AGGRESSIVE;
				CLANG_WARN_UNREACHABLE_CODE = YES;
				CLANG_WARN__DUPLICATE_METHOD_MATCH = YES;
				CODE_SIGN_IDENTITY = "iPhone Developer";
				COPY_PHASE_STRIP = NO;
				DEBUG_INFORMATION_FORMAT = dwarf;
				ENABLE_STRICT_OBJC_MSGSEND = YES;
				ENABLE_TESTABILITY = YES;
				GCC_C_LANGUAGE_STANDARD = gnu11;
				GCC_DYNAMIC_NO_PIC = NO;
				GCC_NO_COMMON_BLOCKS = YES;
				GCC_OPTIMIZATION_LEVEL = 0;
				GCC_PREPROCESSOR_DEFINITIONS = (
					"DEBUG=1",
					"$(inherited)",
				);
				GCC_WARN_64_TO_32_BIT_CONVERSION = YES;
				GCC_WARN_ABOUT_RETURN_TYPE = YES_ERROR;
				GCC_WARN_UNDECLARED_SELECTOR = YES;
				GCC_WARN_UNINITIALIZED_AUTOS = YES_AGGRESSIVE;
				GCC_WARN_UNUSED_FUNCTION = YES;
				GCC_WARN_UNUSED_VARIABLE = YES;
				IPHONEOS_DEPLOYMENT_TARGET = 12.2;
				MTL_ENABLE_DEBUG_INFO = INCLUDE_SOURCE;
				MTL_FAST_MATH = YES;
				ONLY_ACTIVE_ARCH = YES;
				SDKROOT = iphoneos;
				SWIFT_ACTIVE_COMPILATION_CONDITIONS = DEBUG;
				SWIFT_OPTIMIZATION_LEVEL = "-Onone";
			};
			name = Debug;
		};
		75E9F6E622AF727F009B4677 /* Release */ = {
			isa = XCBuildConfiguration;
			buildSettings = {
				ALWAYS_SEARCH_USER_PATHS = NO;
				CLANG_ANALYZER_NONNULL = YES;
				CLANG_ANALYZER_NUMBER_OBJECT_CONVERSION = YES_AGGRESSIVE;
				CLANG_CXX_LANGUAGE_STANDARD = "gnu++14";
				CLANG_CXX_LIBRARY = "libc++";
				CLANG_ENABLE_MODULES = YES;
				CLANG_ENABLE_OBJC_ARC = YES;
				CLANG_ENABLE_OBJC_WEAK = YES;
				CLANG_WARN_BLOCK_CAPTURE_AUTORELEASING = YES;
				CLANG_WARN_BOOL_CONVERSION = YES;
				CLANG_WARN_COMMA = YES;
				CLANG_WARN_CONSTANT_CONVERSION = YES;
				CLANG_WARN_DEPRECATED_OBJC_IMPLEMENTATIONS = YES;
				CLANG_WARN_DIRECT_OBJC_ISA_USAGE = YES_ERROR;
				CLANG_WARN_DOCUMENTATION_COMMENTS = YES;
				CLANG_WARN_EMPTY_BODY = YES;
				CLANG_WARN_ENUM_CONVERSION = YES;
				CLANG_WARN_INFINITE_RECURSION = YES;
				CLANG_WARN_INT_CONVERSION = YES;
				CLANG_WARN_NON_LITERAL_NULL_CONVERSION = YES;
				CLANG_WARN_OBJC_IMPLICIT_RETAIN_SELF = YES;
				CLANG_WARN_OBJC_LITERAL_CONVERSION = YES;
				CLANG_WARN_OBJC_ROOT_CLASS = YES_ERROR;
				CLANG_WARN_RANGE_LOOP_ANALYSIS = YES;
				CLANG_WARN_STRICT_PROTOTYPES = YES;
				CLANG_WARN_SUSPICIOUS_MOVE = YES;
				CLANG_WARN_UNGUARDED_AVAILABILITY = YES_AGGRESSIVE;
				CLANG_WARN_UNREACHABLE_CODE = YES;
				CLANG_WARN__DUPLICATE_METHOD_MATCH = YES;
				CODE_SIGN_IDENTITY = "iPhone Developer";
				COPY_PHASE_STRIP = NO;
				DEBUG_INFORMATION_FORMAT = "dwarf-with-dsym";
				ENABLE_NS_ASSERTIONS = NO;
				ENABLE_STRICT_OBJC_MSGSEND = YES;
				GCC_C_LANGUAGE_STANDARD = gnu11;
				GCC_NO_COMMON_BLOCKS = YES;
				GCC_WARN_64_TO_32_BIT_CONVERSION = YES;
				GCC_WARN_ABOUT_RETURN_TYPE = YES_ERROR;
				GCC_WARN_UNDECLARED_SELECTOR = YES;
				GCC_WARN_UNINITIALIZED_AUTOS = YES_AGGRESSIVE;
				GCC_WARN_UNUSED_FUNCTION = YES;
				GCC_WARN_UNUSED_VARIABLE = YES;
				IPHONEOS_DEPLOYMENT_TARGET = 12.2;
				MTL_ENABLE_DEBUG_INFO = NO;
				MTL_FAST_MATH = YES;
				SDKROOT = iphoneos;
				SWIFT_COMPILATION_MODE = wholemodule;
				SWIFT_OPTIMIZATION_LEVEL = "-O";
				VALIDATE_PRODUCT = YES;
			};
			name = Release;
		};
		75E9F6E822AF727F009B4677 /* Debug */ = {
			isa = XCBuildConfiguration;
			buildSettings = {
				ASSETCATALOG_COMPILER_APPICON_NAME = AppIcon;
				CODE_SIGN_STYLE = Automatic;
				INFOPLIST_FILE = NewYorkTimeNews/Info.plist;
				LD_RUNPATH_SEARCH_PATHS = (
					"$(inherited)",
					"@executable_path/Frameworks",
				);
				PRODUCT_BUNDLE_IDENTIFIER = "Firda-Sahidi.NewYorkTimeNews";
				PRODUCT_NAME = "$(TARGET_NAME)";
				SWIFT_VERSION = 5.0;
				TARGETED_DEVICE_FAMILY = "1,2";
			};
			name = Debug;
		};
		75E9F6E922AF727F009B4677 /* Release */ = {
			isa = XCBuildConfiguration;
			buildSettings = {
				ASSETCATALOG_COMPILER_APPICON_NAME = AppIcon;
				CODE_SIGN_STYLE = Automatic;
				INFOPLIST_FILE = NewYorkTimeNews/Info.plist;
				LD_RUNPATH_SEARCH_PATHS = (
					"$(inherited)",
					"@executable_path/Frameworks",
				);
				PRODUCT_BUNDLE_IDENTIFIER = "Firda-Sahidi.NewYorkTimeNews";
				PRODUCT_NAME = "$(TARGET_NAME)";
				SWIFT_VERSION = 5.0;
				TARGETED_DEVICE_FAMILY = "1,2";
			};
			name = Release;
		};
		75E9F6EB22AF727F009B4677 /* Debug */ = {
			isa = XCBuildConfiguration;
			buildSettings = {
				ALWAYS_EMBED_SWIFT_STANDARD_LIBRARIES = YES;
				BUNDLE_LOADER = "$(TEST_HOST)";
				CODE_SIGN_STYLE = Automatic;
				INFOPLIST_FILE = NewYorkTimeNewsTests/Info.plist;
				LD_RUNPATH_SEARCH_PATHS = (
					"$(inherited)",
					"@executable_path/Frameworks",
					"@loader_path/Frameworks",
				);
				PRODUCT_BUNDLE_IDENTIFIER = "Firda-Sahidi.NewYorkTimeNewsTests";
				PRODUCT_NAME = "$(TARGET_NAME)";
				SWIFT_VERSION = 5.0;
				TARGETED_DEVICE_FAMILY = "1,2";
				TEST_HOST = "$(BUILT_PRODUCTS_DIR)/NewYorkTimeNews.app/NewYorkTimeNews";
			};
			name = Debug;
		};
		75E9F6EC22AF727F009B4677 /* Release */ = {
			isa = XCBuildConfiguration;
			buildSettings = {
				ALWAYS_EMBED_SWIFT_STANDARD_LIBRARIES = YES;
				BUNDLE_LOADER = "$(TEST_HOST)";
				CODE_SIGN_STYLE = Automatic;
				INFOPLIST_FILE = NewYorkTimeNewsTests/Info.plist;
				LD_RUNPATH_SEARCH_PATHS = (
					"$(inherited)",
					"@executable_path/Frameworks",
					"@loader_path/Frameworks",
				);
				PRODUCT_BUNDLE_IDENTIFIER = "Firda-Sahidi.NewYorkTimeNewsTests";
				PRODUCT_NAME = "$(TARGET_NAME)";
				SWIFT_VERSION = 5.0;
				TARGETED_DEVICE_FAMILY = "1,2";
				TEST_HOST = "$(BUILT_PRODUCTS_DIR)/NewYorkTimeNews.app/NewYorkTimeNews";
			};
			name = Release;
		};
		75E9F6EE22AF727F009B4677 /* Debug */ = {
			isa = XCBuildConfiguration;
			buildSettings = {
				ALWAYS_EMBED_SWIFT_STANDARD_LIBRARIES = YES;
				CODE_SIGN_STYLE = Automatic;
				INFOPLIST_FILE = NewYorkTimeNewsUITests/Info.plist;
				LD_RUNPATH_SEARCH_PATHS = (
					"$(inherited)",
					"@executable_path/Frameworks",
					"@loader_path/Frameworks",
				);
				PRODUCT_BUNDLE_IDENTIFIER = "Firda-Sahidi.NewYorkTimeNewsUITests";
				PRODUCT_NAME = "$(TARGET_NAME)";
				SWIFT_VERSION = 5.0;
				TARGETED_DEVICE_FAMILY = "1,2";
				TEST_TARGET_NAME = NewYorkTimeNews;
			};
			name = Debug;
		};
		75E9F6EF22AF727F009B4677 /* Release */ = {
			isa = XCBuildConfiguration;
			buildSettings = {
				ALWAYS_EMBED_SWIFT_STANDARD_LIBRARIES = YES;
				CODE_SIGN_STYLE = Automatic;
				INFOPLIST_FILE = NewYorkTimeNewsUITests/Info.plist;
				LD_RUNPATH_SEARCH_PATHS = (
					"$(inherited)",
					"@executable_path/Frameworks",
					"@loader_path/Frameworks",
				);
				PRODUCT_BUNDLE_IDENTIFIER = "Firda-Sahidi.NewYorkTimeNewsUITests";
				PRODUCT_NAME = "$(TARGET_NAME)";
				SWIFT_VERSION = 5.0;
				TARGETED_DEVICE_FAMILY = "1,2";
				TEST_TARGET_NAME = NewYorkTimeNews;
			};
			name = Release;
		};
/* End XCBuildConfiguration section */

/* Begin XCConfigurationList section */
		75E9F6B822AF727E009B4677 /* Build configuration list for PBXProject "NewYorkTimeNews" */ = {
			isa = XCConfigurationList;
			buildConfigurations = (
				75E9F6E522AF727F009B4677 /* Debug */,
				75E9F6E622AF727F009B4677 /* Release */,
			);
			defaultConfigurationIsVisible = 0;
			defaultConfigurationName = Release;
		};
		75E9F6E722AF727F009B4677 /* Build configuration list for PBXNativeTarget "NewYorkTimeNews" */ = {
			isa = XCConfigurationList;
			buildConfigurations = (
				75E9F6E822AF727F009B4677 /* Debug */,
				75E9F6E922AF727F009B4677 /* Release */,
			);
			defaultConfigurationIsVisible = 0;
			defaultConfigurationName = Release;
		};
		75E9F6EA22AF727F009B4677 /* Build configuration list for PBXNativeTarget "NewYorkTimeNewsTests" */ = {
			isa = XCConfigurationList;
			buildConfigurations = (
				75E9F6EB22AF727F009B4677 /* Debug */,
				75E9F6EC22AF727F009B4677 /* Release */,
			);
			defaultConfigurationIsVisible = 0;
			defaultConfigurationName = Release;
		};
		75E9F6ED22AF727F009B4677 /* Build configuration list for PBXNativeTarget "NewYorkTimeNewsUITests" */ = {
			isa = XCConfigurationList;
			buildConfigurations = (
				75E9F6EE22AF727F009B4677 /* Debug */,
				75E9F6EF22AF727F009B4677 /* Release */,
			);
			defaultConfigurationIsVisible = 0;
			defaultConfigurationName = Release;
		};
/* End XCConfigurationList section */

/* Begin XCVersionGroup section */
		75C84E5D22B1571800DDF859 /* NewYorkTimeNews.xcdatamodeld */ = {
			isa = XCVersionGroup;
			children = (
				75C84E5E22B1571800DDF859 /* NewYorkTimeNews.xcdatamodel */,
			);
			currentVersion = 75C84E5E22B1571800DDF859 /* NewYorkTimeNews.xcdatamodel */;
			path = NewYorkTimeNews.xcdatamodeld;
			sourceTree = "<group>";
			versionGroupType = wrapper.xcdatamodel;
		};
/* End XCVersionGroup section */
	};
	rootObject = 75E9F6B522AF727E009B4677 /* Project object */;
}
